
Microsoft Visual Studio Solution File, Format Version 12.00
# Visual Studio Version 17
VisualStudioVersion = 17.9.34728.123
MinimumVisualStudioVersion = 10.0.40219.1
Project("{FAE04EC0-301F-11D3-BF4B-00C04F79EFBC}") = "ToDoList", "ToDoList\ToDoList.csproj", "{875A45DE-F957-432B-925D-15E52725163A}"
EndProject
Global
	GlobalSection(SolutionConfigurationPlatforms) = preSolution
		Debug|Any CPU = Debug|Any CPU
		Release|Any CPU = Release|Any CPU
	EndGlobalSection
	GlobalSection(ProjectConfigurationPlatforms) = postSolution
		{875A45DE-F957-432B-925D-15E52725163A}.Debug|Any CPU.ActiveCfg = Debug|Any CPU
		{875A45DE-F957-432B-925D-15E52725163A}.Debug|Any CPU.Build.0 = Debug|Any CPU
		{875A45DE-F957-432B-925D-15E52725163A}.Release|Any CPU.ActiveCfg = Release|Any CPU
		{875A45DE-F957-432B-925D-15E52725163A}.Release|Any CPU.Build.0 = Release|Any CPU
	EndGlobalSection
	GlobalSection(SolutionProperties) = preSolution
		HideSolutionNode = FALSE
	EndGlobalSection
	GlobalSection(ExtensibilityGlobals) = postSolution
		SolutionGuid = {11A0E7F9-4051-4505-BE35-43B890E26D90}
	EndGlobalSection
EndGlobal
